
Microsoft Visual Studio Solution File, Format Version 12.00
# Visual Studio Version 17
VisualStudioVersion = 17.13.35825.156 d17.13
MinimumVisualStudioVersion = 10.0.40219.1
Project("{FAE04EC0-301F-11D3-BF4B-00C04F79EFBC}") = "InsertionSort", "InsertionSort.csproj", "{44348A52-592A-4207-AA05-E6D2754D8FA6}"
EndProject
Global
	GlobalSection(SolutionConfigurationPlatforms) = preSolution
		Debug|Any CPU = Debug|Any CPU
		Release|Any CPU = Release|Any CPU
	EndGlobalSection
	GlobalSection(ProjectConfigurationPlatforms) = postSolution
		{44348A52-592A-4207-AA05-E6D2754D8FA6}.Debug|Any CPU.ActiveCfg = Debug|Any CPU
		{44348A52-592A-4207-AA05-E6D2754D8FA6}.Debug|Any CPU.Build.0 = Debug|Any CPU
		{44348A52-592A-4207-AA05-E6D2754D8FA6}.Release|Any CPU.ActiveCfg = Release|Any CPU
		{44348A52-592A-4207-AA05-E6D2754D8FA6}.Release|Any CPU.Build.0 = Release|Any CPU
	EndGlobalSection
	GlobalSection(SolutionProperties) = preSolution
		HideSolutionNode = FALSE
	EndGlobalSection
	GlobalSection(ExtensibilityGlobals) = postSolution
		SolutionGuid = {A7F9CD83-8F56-4D9A-98ED-C5F2E9A2F6A4}
	EndGlobalSection
EndGlobal
